Microsoft Visual Studio Solution File, Format Version 12.00
# Visual Studio 15
VisualStudioVersion = 15.0.27130.2010
MinimumVisualStudioVersion = 10.0.40219.1
Project("{2150E333-8FDC-42A3-9474-1A3956D46DE8}") = "dnSpyFiles", "dnSpyFiles", "{BCDFE47C-A4D8-4F5C-BCED-4AEBDC711E34}"
	ProjectSection(SolutionItems) = preProject
		dnSpyFiles\dnSpy.c = dnSpyFiles\dnSpy.c
	EndProjectSection
EndProject
Project("{2150E333-8FDC-42A3-9474-1A3956D46DE8}") = "unity-2020.3.25-mbe", "unity-2020.3.25-mbe", "{43A331A7-BEFF-4C44-9E2B-122857835707}"
EndProject
Project("{8BC9CEB8-8B4A-11D0-8D11-00A0C91BC942}") = "build-init", "unity-2020.3.25-mbe\msvc\build-init.vcxproj", "{869F1D02-4985-44BC-B7BF-5B9AE0545039}"
EndProject
Project("{8BC9CEB8-8B4A-11D0-8D11-00A0C91BC942}") = "eglib", "unity-2020.3.25-mbe\msvc\eglib.vcxproj", "{84A24AE6-3756-4FA8-8159-A3B671BB06B2}"
EndProject
Project("{8BC9CEB8-8B4A-11D0-8D11-00A0C91BC942}") = "genmdesc", "unity-2020.3.25-mbe\msvc\genmdesc.vcxproj", "{033DB3FD-3E5D-48DD-8A66-3646DB9A11FC}"
EndProject
Project("{8BC9CEB8-8B4A-11D0-8D11-00A0C91BC942}") = "libgcbdwgc", "unity-2020.3.25-mbe\msvc\libgcbdwgc.vcxproj", "{43F2FC41-CF3A-422F-B79E-4DAEAE0439FF}"
EndProject
Project("{8BC9CEB8-8B4A-11D0-8D11-00A0C91BC942}") = "libmono-dynamic", "unity-2020.3.25-mbe\msvc\libmono-dynamic.vcxproj", "{581B286E-B7F9-4FE1-8D98-DDC54DCBF6FB}"
EndProject
Project("{2150E333-8FDC-42A3-9474-1A3956D46DE8}") = "unity-2020.3.19-mbe", "unity-2020.3.19-mbe", "{4D3F6D53-9B92-4FA2-8689-2D5087F65361}"
EndProject
Project("{8BC9CEB8-8B4A-11D0-8D11-00A0C91BC942}") = "build-init", "unity-2020.3.19-mbe\msvc\build-init.vcxproj", "{76DD1C1D-0A3C-46A5-AC3D-A269932056AB}"
EndProject
Project("{8BC9CEB8-8B4A-11D0-8D11-00A0C91BC942}") = "eglib", "unity-2020.3.19-mbe\msvc\eglib.vcxproj", "{EA40212B-446E-4D2E-81E1-1E3E44B0BF29}"
EndProject
Project("{8BC9CEB8-8B4A-11D0-8D11-00A0C91BC942}") = "genmdesc", "unity-2020.3.19-mbe\msvc\genmdesc.vcxproj", "{2909FFB7-2FCB-4DDA-ACD7-0B71653F909D}"
EndProject
Project("{8BC9CEB8-8B4A-11D0-8D11-00A0C91BC942}") = "libgcbdwgc", "unity-2020.3.19-mbe\msvc\libgcbdwgc.vcxproj", "{1B96D541-0E0A-444B-BA28-1BB686B0FE33}"
EndProject
Project("{8BC9CEB8-8B4A-11D0-8D11-00A0C91BC942}") = "libmono-dynamic", "unity-2020.3.19-mbe\msvc\libmono-dynamic.vcxproj", "{51ADEB88-3FBA-4348-9277-3ACB600A38BB}"
EndProject
Global
	GlobalSection(SolutionConfigurationPlatforms) = preSolution
		Debug|x64 = Debug|x64
		Debug|x86 = Debug|x86
		Release|x64 = Release|x64
		Release|x86 = Release|x86
	EndGlobalSection
	GlobalSection(ProjectConfigurationPlatforms) = postSolution
		{869F1D02-4985-44BC-B7BF-5B9AE0545039}.Debug|x64.ActiveCfg = Debug|x64
		{869F1D02-4985-44BC-B7BF-5B9AE0545039}.Debug|x64.Build.0 = Debug|x64
		{869F1D02-4985-44BC-B7BF-5B9AE0545039}.Debug|x86.ActiveCfg = Debug|Win32
		{869F1D02-4985-44BC-B7BF-5B9AE0545039}.Debug|x86.Build.0 = Debug|Win32
		{869F1D02-4985-44BC-B7BF-5B9AE0545039}.Release|x64.ActiveCfg = Release|x64
		{869F1D02-4985-44BC-B7BF-5B9AE0545039}.Release|x64.Build.0 = Release|x64
		{869F1D02-4985-44BC-B7BF-5B9AE0545039}.Release|x86.ActiveCfg = Release|Win32
		{869F1D02-4985-44BC-B7BF-5B9AE0545039}.Release|x86.Build.0 = Release|Win32
		{84A24AE6-3756-4FA8-8159-A3B671BB06B2}.Debug|x64.ActiveCfg = Debug|x64
		{84A24AE6-3756-4FA8-8159-A3B671BB06B2}.Debug|x64.Build.0 = Debug|x64
		{84A24AE6-3756-4FA8-8159-A3B671BB06B2}.Debug|x86.ActiveCfg = Debug|Win32
		{84A24AE6-3756-4FA8-8159-A3B671BB06B2}.Debug|x86.Build.0 = Debug|Win32
		{84A24AE6-3756-4FA8-8159-A3B671BB06B2}.Release|x64.ActiveCfg = Release|x64
		{84A24AE6-3756-4FA8-8159-A3B671BB06B2}.Release|x64.Build.0 = Release|x64
		{84A24AE6-3756-4FA8-8159-A3B671BB06B2}.Release|x86.ActiveCfg = Release|Win32
		{84A24AE6-3756-4FA8-8159-A3B671BB06B2}.Release|x86.Build.0 = Release|Win32
		{033DB3FD-3E5D-48DD-8A66-3646DB9A11FC}.Debug|x64.ActiveCfg = Debug|x64
		{033DB3FD-3E5D-48DD-8A66-3646DB9A11FC}.Debug|x64.Build.0 = Debug|x64
		{033DB3FD-3E5D-48DD-8A66-3646DB9A11FC}.Debug|x86.ActiveCfg = Debug|Win32
		{033DB3FD-3E5D-48DD-8A66-3646DB9A11FC}.Debug|x86.Build.0 = Debug|Win32
		{033DB3FD-3E5D-48DD-8A66-3646DB9A11FC}.Release|x64.ActiveCfg = Release|x64
		{033DB3FD-3E5D-48DD-8A66-3646DB9A11FC}.Release|x64.Build.0 = Release|x64
		{033DB3FD-3E5D-48DD-8A66-3646DB9A11FC}.Release|x86.ActiveCfg = Release|Win32
		{033DB3FD-3E5D-48DD-8A66-3646DB9A11FC}.Release|x86.Build.0 = Release|Win32
		{43F2FC41-CF3A-422F-B79E-4DAEAE0439FF}.Debug|x64.ActiveCfg = Debug|x64
		{43F2FC41-CF3A-422F-B79E-4DAEAE0439FF}.Debug|x64.Build.0 = Debug|x64
		{43F2FC41-CF3A-422F-B79E-4DAEAE0439FF}.Debug|x86.ActiveCfg = Debug|Win32
		{43F2FC41-CF3A-422F-B79E-4DAEAE0439FF}.Debug|x86.Build.0 = Debug|Win32
		{43F2FC41-CF3A-422F-B79E-4DAEAE0439FF}.Release|x64.ActiveCfg = Release|x64
		{43F2FC41-CF3A-422F-B79E-4DAEAE0439FF}.Release|x64.Build.0 = Release|x64
		{43F2FC41-CF3A-422F-B79E-4DAEAE0439FF}.Release|x86.ActiveCfg = Release|Win32
		{43F2FC41-CF3A-422F-B79E-4DAEAE0439FF}.Release|x86.Build.0 = Release|Win32
		{581B286E-B7F9-4FE1-8D98-DDC54DCBF6FB}.Debug|x64.ActiveCfg = Debug|x64
		{581B286E-B7F9-4FE1-8D98-DDC54DCBF6FB}.Debug|x64.Build.0 = Debug|x64
		{581B286E-B7F9-4FE1-8D98-DDC54DCBF6FB}.Debug|x86.ActiveCfg = Debug|Win32
		{581B286E-B7F9-4FE1-8D98-DDC54DCBF6FB}.Debug|x86.Build.0 = Debug|Win32
		{581B286E-B7F9-4FE1-8D98-DDC54DCBF6FB}.Release|x64.ActiveCfg = Release|x64
		{581B286E-B7F9-4FE1-8D98-DDC54DCBF6FB}.Release|x64.Build.0 = Release|x64
		{581B286E-B7F9-4FE1-8D98-DDC54DCBF6FB}.Release|x86.ActiveCfg = Release|Win32
		{581B286E-B7F9-4FE1-8D98-DDC54DCBF6FB}.Release|x86.Build.0 = Release|Win32
		{76DD1C1D-0A3C-46A5-AC3D-A269932056AB}.Debug|x64.ActiveCfg = Debug|x64
		{76DD1C1D-0A3C-46A5-AC3D-A269932056AB}.Debug|x64.Build.0 = Debug|x64
		{76DD1C1D-0A3C-46A5-AC3D-A269932056AB}.Debug|x86.ActiveCfg = Debug|Win32
		{76DD1C1D-0A3C-46A5-AC3D-A269932056AB}.Debug|x86.Build.0 = Debug|Win32
		{76DD1C1D-0A3C-46A5-AC3D-A269932056AB}.Release|x64.ActiveCfg = Release|x64
		{76DD1C1D-0A3C-46A5-AC3D-A269932056AB}.Release|x64.Build.0 = Release|x64
		{76DD1C1D-0A3C-46A5-AC3D-A269932056AB}.Release|x86.ActiveCfg = Release|Win32
		{76DD1C1D-0A3C-46A5-AC3D-A269932056AB}.Release|x86.Build.0 = Release|Win32
		{EA40212B-446E-4D2E-81E1-1E3E44B0BF29}.Debug|x64.ActiveCfg = Debug|x64
		{EA40212B-446E-4D2E-81E1-1E3E44B0BF29}.Debug|x64.Build.0 = Debug|x64
		{EA40212B-446E-4D2E-81E1-1E3E44B0BF29}.Debug|x86.ActiveCfg = Debug|Win32
		{EA40212B-446E-4D2E-81E1-1E3E44B0BF29}.Debug|x86.Build.0 = Debug|Win32
		{EA40212B-446E-4D2E-81E1-1E3E44B0BF29}.Release|x64.ActiveCfg = Release|x64
		{EA40212B-446E-4D2E-81E1-1E3E44B0BF29}.Release|x64.Build.0 = Release|x64
		{EA40212B-446E-4D2E-81E1-1E3E44B0BF29}.Release|x86.ActiveCfg = Release|Win32
		{EA40212B-446E-4D2E-81E1-1E3E44B0BF29}.Release|x86.Build.0 = Release|Win32
		{2909FFB7-2FCB-4DDA-ACD7-0B71653F909D}.Debug|x64.ActiveCfg = Debug|x64
		{2909FFB7-2FCB-4DDA-ACD7-0B71653F909D}.Debug|x64.Build.0 = Debug|x64
		{2909FFB7-2FCB-4DDA-ACD7-0B71653F909D}.Debug|x86.ActiveCfg = Debug|Win32
		{2909FFB7-2FCB-4DDA-ACD7-0B71653F909D}.Debug|x86.Build.0 = Debug|Win32
		{2909FFB7-2FCB-4DDA-ACD7-0B71653F909D}.Release|x64.ActiveCfg = Release|x64
		{2909FFB7-2FCB-4DDA-ACD7-0B71653F909D}.Release|x64.Build.0 = Release|x64
		{2909FFB7-2FCB-4DDA-ACD7-0B71653F909D}.Release|x86.ActiveCfg = Release|Win32
		{2909FFB7-2FCB-4DDA-ACD7-0B71653F909D}.Release|x86.Build.0 = Release|Win32
		{1B96D541-0E0A-444B-BA28-1BB686B0FE33}.Debug|x64.ActiveCfg = Debug|x64
		{1B96D541-0E0A-444B-BA28-1BB686B0FE33}.Debug|x64.Build.0 = Debug|x64
		{1B96D541-0E0A-444B-BA28-1BB686B0FE33}.Debug|x86.ActiveCfg = Debug|Win32
		{1B96D541-0E0A-444B-BA28-1BB686B0FE33}.Debug|x86.Build.0 = Debug|Win32
		{1B96D541-0E0A-444B-BA28-1BB686B0FE33}.Release|x64.ActiveCfg = Release|x64
		{1B96D541-0E0A-444B-BA28-1BB686B0FE33}.Release|x64.Build.0 = Release|x64
		{1B96D541-0E0A-444B-BA28-1BB686B0FE33}.Release|x86.ActiveCfg = Release|Win32
		{1B96D541-0E0A-444B-BA28-1BB686B0FE33}.Release|x86.Build.0 = Release|Win32
		{51ADEB88-3FBA-4348-9277-3ACB600A38BB}.Debug|x64.ActiveCfg = Debug|x64
		{51ADEB88-3FBA-4348-9277-3ACB600A38BB}.Debug|x64.Build.0 = Debug|x64
		{51ADEB88-3FBA-4348-9277-3ACB600A38BB}.Debug|x86.ActiveCfg = Debug|Win32
		{51ADEB88-3FBA-4348-9277-3ACB600A38BB}.Debug|x86.Build.0 = Debug|Win32
		{51ADEB88-3FBA-4348-9277-3ACB600A38BB}.Release|x64.ActiveCfg = Release|x64
		{51ADEB88-3FBA-4348-9277-3ACB600A38BB}.Release|x64.Build.0 = Release|x64
		{51ADEB88-3FBA-4348-9277-3ACB600A38BB}.Release|x86.ActiveCfg = Release|Win32
		{51ADEB88-3FBA-4348-9277-3ACB600A38BB}.Release|x86.Build.0 = Release|Win32
	EndGlobalSection
	GlobalSection(SolutionProperties) = preSolution
		HideSolutionNode = FALSE
	EndGlobalSection
	GlobalSection(NestedProjects) = preSolution
		{869F1D02-4985-44BC-B7BF-5B9AE0545039} = {43A331A7-BEFF-4C44-9E2B-122857835707}
		{84A24AE6-3756-4FA8-8159-A3B671BB06B2} = {43A331A7-BEFF-4C44-9E2B-122857835707}
		{033DB3FD-3E5D-48DD-8A66-3646DB9A11FC} = {43A331A7-BEFF-4C44-9E2B-122857835707}
		{43F2FC41-CF3A-422F-B79E-4DAEAE0439FF} = {43A331A7-BEFF-4C44-9E2B-122857835707}
		{581B286E-B7F9-4FE1-8D98-DDC54DCBF6FB} = {43A331A7-BEFF-4C44-9E2B-122857835707}
		{76DD1C1D-0A3C-46A5-AC3D-A269932056AB} = {4D3F6D53-9B92-4FA2-8689-2D5087F65361}
		{EA40212B-446E-4D2E-81E1-1E3E44B0BF29} = {4D3F6D53-9B92-4FA2-8689-2D5087F65361}
		{2909FFB7-2FCB-4DDA-ACD7-0B71653F909D} = {4D3F6D53-9B92-4FA2-8689-2D5087F65361}
		{1B96D541-0E0A-444B-BA28-1BB686B0FE33} = {4D3F6D53-9B92-4FA2-8689-2D5087F65361}
		{51ADEB88-3FBA-4348-9277-3ACB600A38BB} = {4D3F6D53-9B92-4FA2-8689-2D5087F65361}
	EndGlobalSection
	GlobalSection(ExtensibilityGlobals) = postSolution
		SolutionGuid = {B5F19488-DECA-4627-9B72-E1C2F0D5F34F}
	EndGlobalSection
EndGlobal